
Microsoft Visual Studio Solution File, Format Version 12.00
# Visual Studio Version 17
VisualStudioVersion = 17.7.34031.279
MinimumVisualStudioVersion = 10.0.40219.1
Project("{FAE04EC0-301F-11D3-BF4B-00C04F79EFBC}") = "GrpcClient", "GrpcClient\GrpcClient.csproj", "{4937082E-5C9D-4495-BC62-DC24D3486246}"
EndProject
Global
	GlobalSection(SolutionConfigurationPlatforms) = preSolution
		Debug|Any CPU = Debug|Any CPU
		Release|Any CPU = Release|Any CPU
	EndGlobalSection
	GlobalSection(ProjectConfigurationPlatforms) = postSolution
		{4937082E-5C9D-4495-BC62-DC24D3486246}.Debug|Any CPU.ActiveCfg = Debug|Any CPU
		{4937082E-5C9D-4495-BC62-DC24D3486246}.Debug|Any CPU.Build.0 = Debug|Any CPU
		{4937082E-5C9D-4495-BC62-DC24D3486246}.Release|Any CPU.ActiveCfg = Release|Any CPU
		{4937082E-5C9D-4495-BC62-DC24D3486246}.Release|Any CPU.Build.0 = Release|Any CPU
	EndGlobalSection
	GlobalSection(SolutionProperties) = preSolution
		HideSolutionNode = FALSE
	EndGlobalSection
	GlobalSection(ExtensibilityGlobals) = postSolution
		SolutionGuid = {A87D32AC-ECF4-4BDE-AC1A-43A49DAB1CB5}
	EndGlobalSection
EndGlobal
